<?xml version="1.0" encoding="utf-8"?>
<Project ToolsVersion="4.0" xmlns="http://schemas.microsoft.com/developer/msbuild/2003">
  <ItemGroup>
    <Filter Include="Source Files">
      <UniqueIdentifier>{4FC737F1-C7A5-4376-A066-2A32D752A2FF}</UniqueIdentifier>
      <Extensions>cpp;c;cc;cxx;def;odl;idl;hpj;bat;asm;asmx</Extensions>
    </Filter>
    <Filter Include="Header Files">
      <UniqueIdentifier>{93995380-89BD-4b04-88EB-625FBE52EBFB}</UniqueIdentifier>
      <Extensions>h;hpp;hxx;hm;inl;inc;xsd</Extensions>
    </Filter>
    <Filter Include="Resource Files">
      <UniqueIdentifier>{67DA6AB6-F800-4c08-8B7A-83BB121AAD01}</UniqueIdentifier>
      <Extensions>rc;ico;cur;bmp;dlg;rc2;rct;bin;rgs;gif;jpg;jpeg;jpe;resx;tiff;tif;png;wav</Extensions>
    </Filter>
  </ItemGroup>
  <ItemGroup>
    <ClCompile Include="CL_MAGMA_RT.cpp">
      <Filter>Source Files</Filter>
    </ClCompile>
    <ClCompile Include="interface.cpp">
      <Filter>Source Files</Filter>
    </ClCompile>
    <ClCompile Include="PCA.cpp">
      <Filter>Source Files</Filter>
    </ClCompile>
    <ClCompile Include="stdafx.cpp">
      <Filter>Source Files</Filter>
    </ClCompile>
    <ClCompile Include="magmablas_s.cpp">
      <Filter>Source Files</Filter>
    </ClCompile>
    <ClCompile Include="constants.cpp">
      <Filter>Source Files</Filter>
    </ClCompile>
    <ClCompile Include="ssytrd.cpp">
      <Filter>Source Files</Filter>
    </ClCompile>
    <ClCompile Include="get_nb_tahiti.cpp">
      <Filter>Source Files</Filter>
    </ClCompile>
    <ClCompile Include="slatrd.cpp">
      <Filter>Source Files</Filter>
    </ClCompile>
    <ClCompile Include="xerbla.cpp">
      <Filter>Source Files</Filter>
    </ClCompile>
    <ClCompile Include="sormtr.cpp">
      <Filter>Source Files</Filter>
    </ClCompile>
    <ClCompile Include="sormql.cpp">
      <Filter>Source Files</Filter>
    </ClCompile>
    <ClCompile Include="sormqr.cpp">
      <Filter>Source Files</Filter>
    </ClCompile>
    <ClCompile Include="slarfb_gpu.cpp">
      <Filter>Source Files</Filter>
    </ClCompile>
    <ClCompile Include="spanel_to_q.cpp">
      <Filter>Source Files</Filter>
    </ClCompile>
    <ClCompile Include="sstedx.cpp">
      <Filter>Source Files</Filter>
    </ClCompile>
    <ClCompile Include="slaex0.cpp">
      <Filter>Source Files</Filter>
    </ClCompile>
    <ClCompile Include="slaex1.cpp">
      <Filter>Source Files</Filter>
    </ClCompile>
    <ClCompile Include="slaex3.cpp">
      <Filter>Source Files</Filter>
    </ClCompile>
    <ClCompile Include="ssyevd.cpp">
      <Filter>Source Files</Filter>
    </ClCompile>
    <ClCompile Include="magmablas_d.cpp">
      <Filter>Source Files</Filter>
    </ClCompile>
    <ClCompile Include="dsyevd.cpp">
      <Filter>Source Files</Filter>
    </ClCompile>
    <ClCompile Include="dsytrd.cpp">
      <Filter>Source Files</Filter>
    </ClCompile>
    <ClCompile Include="dlatrd.cpp">
      <Filter>Source Files</Filter>
    </ClCompile>
    <ClCompile Include="dormtr.cpp">
      <Filter>Source Files</Filter>
    </ClCompile>
    <ClCompile Include="dormql.cpp">
      <Filter>Source Files</Filter>
    </ClCompile>
    <ClCompile Include="dormqr.cpp">
      <Filter>Source Files</Filter>
    </ClCompile>
    <ClCompile Include="dlarfb_gpu.cpp">
      <Filter>Source Files</Filter>
    </ClCompile>
    <ClCompile Include="dpanel_to_q.cpp">
      <Filter>Source Files</Filter>
    </ClCompile>
  </ItemGroup>
  <ItemGroup>
    <ClInclude Include="CL_MAGMA_RT.h">
      <Filter>Header Files</Filter>
    </ClInclude>
    <ClInclude Include="magma.h">
      <Filter>Header Files</Filter>
    </ClInclude>
    <ClInclude Include="magma_malloc.h">
      <Filter>Header Files</Filter>
    </ClInclude>
    <ClInclude Include="magma_types.h">
      <Filter>Header Files</Filter>
    </ClInclude>
    <ClInclude Include="read_matrix.h">
      <Filter>Header Files</Filter>
    </ClInclude>
    <ClInclude Include="stdafx.h">
      <Filter>Header Files</Filter>
    </ClInclude>
    <ClInclude Include="targetver.h">
      <Filter>Header Files</Filter>
    </ClInclude>
    <ClInclude Include="magmablas_s.h">
      <Filter>Header Files</Filter>
    </ClInclude>
    <ClInclude Include="magma_s.h">
      <Filter>Header Files</Filter>
    </ClInclude>
    <ClInclude Include="common_magma.h">
      <Filter>Header Files</Filter>
    </ClInclude>
    <ClInclude Include="magmawinthread.h">
      <Filter>Header Files</Filter>
    </ClInclude>
    <ClInclude Include="operators.h">
      <Filter>Header Files</Filter>
    </ClInclude>
    <ClInclude Include="transpose.h">
      <Filter>Header Files</Filter>
    </ClInclude>
    <ClInclude Include="magma_lapack.h">
      <Filter>Header Files</Filter>
    </ClInclude>
    <ClInclude Include="magma_slapack.h">
      <Filter>Header Files</Filter>
    </ClInclude>
    <ClInclude Include="auxiliary.h">
      <Filter>Header Files</Filter>
    </ClInclude>
    <ClInclude Include="cblas.h">
      <Filter>Header Files</Filter>
    </ClInclude>
    <ClInclude Include="magmablas_d.h">
      <Filter>Header Files</Filter>
    </ClInclude>
    <ClInclude Include="magma_d.h">
      <Filter>Header Files</Filter>
    </ClInclude>
    <ClInclude Include="magma_dlapack.h">
      <Filter>Header Files</Filter>
    </ClInclude>
  </ItemGroup>
  <ItemGroup>
    <Text Include="ReadMe.txt" />
  </ItemGroup>
</Project>